
Microsoft Visual Studio Solution File, Format Version 12.00
# Visual Studio Version 16
VisualStudioVersion = 16.0.32228.343
MinimumVisualStudioVersion = 10.0.40219.1
Project("{FAE04EC0-301F-11D3-BF4B-00C04F79EFBC}") = "PlayerService", "PlayerService\PlayerService.csproj", "{FD639DBC-4030-480D-B992-1855AA11DA6F}"
EndProject
Project("{FAE04EC0-301F-11D3-BF4B-00C04F79EFBC}") = "Host", "Host\Host.csproj", "{6FA82F3C-7B58-455F-B1A0-720564033D87}"
EndProject
Project("{FAE04EC0-301F-11D3-BF4B-00C04F79EFBC}") = "Client", "Client\Client.csproj", "{63CF3250-20CF-4864-9BCB-ADAF61657755}"
EndProject
Global
	GlobalSection(SolutionConfigurationPlatforms) = preSolution
		Debug|Any CPU = Debug|Any CPU
		Release|Any CPU = Release|Any CPU
	EndGlobalSection
	GlobalSection(ProjectConfigurationPlatforms) = postSolution
		{FD639DBC-4030-480D-B992-1855AA11DA6F}.Debug|Any CPU.ActiveCfg = Debug|Any CPU
		{FD639DBC-4030-480D-B992-1855AA11DA6F}.Debug|Any CPU.Build.0 = Debug|Any CPU
		{FD639DBC-4030-480D-B992-1855AA11DA6F}.Release|Any CPU.ActiveCfg = Release|Any CPU
		{FD639DBC-4030-480D-B992-1855AA11DA6F}.Release|Any CPU.Build.0 = Release|Any CPU
		{6FA82F3C-7B58-455F-B1A0-720564033D87}.Debug|Any CPU.ActiveCfg = Debug|Any CPU
		{6FA82F3C-7B58-455F-B1A0-720564033D87}.Debug|Any CPU.Build.0 = Debug|Any CPU
		{6FA82F3C-7B58-455F-B1A0-720564033D87}.Release|Any CPU.ActiveCfg = Release|Any CPU
		{6FA82F3C-7B58-455F-B1A0-720564033D87}.Release|Any CPU.Build.0 = Release|Any CPU
		{63CF3250-20CF-4864-9BCB-ADAF61657755}.Debug|Any CPU.ActiveCfg = Debug|Any CPU
		{63CF3250-20CF-4864-9BCB-ADAF61657755}.Debug|Any CPU.Build.0 = Debug|Any CPU
		{63CF3250-20CF-4864-9BCB-ADAF61657755}.Release|Any CPU.ActiveCfg = Release|Any CPU
		{63CF3250-20CF-4864-9BCB-ADAF61657755}.Release|Any CPU.Build.0 = Release|Any CPU
	EndGlobalSection
	GlobalSection(SolutionProperties) = preSolution
		HideSolutionNode = FALSE
	EndGlobalSection
	GlobalSection(ExtensibilityGlobals) = postSolution
		SolutionGuid = {B4151616-DDED-4C48-B5CC-CBB6E1F8BA98}
	EndGlobalSection
EndGlobal
